
Microsoft Visual Studio Solution File, Format Version 12.00
# Visual Studio Version 16
VisualStudioVersion = 16.0.29609.76
MinimumVisualStudioVersion = 10.0.40219.1
Project("{9A19103F-16F7-4668-BE54-9A1E7A4F7556}") = "Jgrass.FiddlerPlugin.Demo", "Code\Jgrass.FiddlerPlugin.Demo\Jgrass.FiddlerPlugin.Demo.csproj", "{1DEB2503-32B7-4FF4-8813-881CFF8E661B}"
EndProject
Project("{9A19103F-16F7-4668-BE54-9A1E7A4F7556}") = "Jgrass.FiddlerPlugin", "Code\Jgrass.FiddlerPlugin\Jgrass.FiddlerPlugin.csproj", "{0B06783F-1F44-4881-ABCE-EA78AEDE99F3}"
EndProject
Global
	GlobalSection(SolutionConfigurationPlatforms) = preSolution
		Debug|Any CPU = Debug|Any CPU
		Release|Any CPU = Release|Any CPU
	EndGlobalSection
	GlobalSection(ProjectConfigurationPlatforms) = postSolution
		{1DEB2503-32B7-4FF4-8813-881CFF8E661B}.Debug|Any CPU.ActiveCfg = Debug|Any CPU
		{1DEB2503-32B7-4FF4-8813-881CFF8E661B}.Debug|Any CPU.Build.0 = Debug|Any CPU
		{1DEB2503-32B7-4FF4-8813-881CFF8E661B}.Release|Any CPU.ActiveCfg = Release|Any CPU
		{1DEB2503-32B7-4FF4-8813-881CFF8E661B}.Release|Any CPU.Build.0 = Release|Any CPU
		{0B06783F-1F44-4881-ABCE-EA78AEDE99F3}.Debug|Any CPU.ActiveCfg = Debug|Any CPU
		{0B06783F-1F44-4881-ABCE-EA78AEDE99F3}.Debug|Any CPU.Build.0 = Debug|Any CPU
		{0B06783F-1F44-4881-ABCE-EA78AEDE99F3}.Release|Any CPU.ActiveCfg = Release|Any CPU
		{0B06783F-1F44-4881-ABCE-EA78AEDE99F3}.Release|Any CPU.Build.0 = Release|Any CPU
	EndGlobalSection
	GlobalSection(SolutionProperties) = preSolution
		HideSolutionNode = FALSE
	EndGlobalSection
	GlobalSection(ExtensibilityGlobals) = postSolution
		SolutionGuid = {8E89D1E5-E7F8-470F-9E13-0149E98EC9C4}
	EndGlobalSection
EndGlobal
